// !$*UTF8*$!
{
	archiveVersion = 1;
	classes = {
	};
	objectVersion = 56;
	objects = {

/* Begin PBXBuildFile section */
		A07A0F002AB4B3C200E56BB3 /* AppDelegate.swift in Sources */ = {isa = PBXBuildFile; fileRef = A07A0EFF2AB4B3C200E56BB3 /* AppDelegate.swift */; };
		A07A0F022AB4B3C300E56BB3 /* SceneDelegate.swift in Sources */ = {isa = PBXBuildFile; fileRef = A07A0F012AB4B3C300E56BB3 /* SceneDelegate.swift */; };
		A07A0F042AB4B3C300E56BB3 /* ViewController.swift in Sources */ = {isa = PBXBuildFile; fileRef = A07A0F032AB4B3C300E56BB3 /* ViewController.swift */; };
		A07A0F072AB4B3C300E56BB3 /* Main.storyboard in Resources */ = {isa = PBXBuildFile; fileRef = A07A0F052AB4B3C300E56BB3 /* Main.storyboard */; };
		A07A0F092AB4B3C600E56BB3 /* Assets.xcassets in Resources */ = {isa = PBXBuildFile; fileRef = A07A0F082AB4B3C600E56BB3 /* Assets.xcassets */; };
		A07A0F0C2AB4B3C600E56BB3 /* LaunchScreen.storyboard in Resources */ = {isa = PBXBuildFile; fileRef = A07A0F0A2AB4B3C600E56BB3 /* LaunchScreen.storyboard */; };
		A07A0F172AB4B3C700E56BB3 /* SampleUIKitTests.swift in Sources */ = {isa = PBXBuildFile; fileRef = A07A0F162AB4B3C700E56BB3 /* SampleUIKitTests.swift */; };
		A07A0F212AB4B3C700E56BB3 /* SampleUIKitUITests.swift in Sources */ = {isa = PBXBuildFile; fileRef = A07A0F202AB4B3C700E56BB3 /* SampleUIKitUITests.swift */; };
		A07A0F232AB4B3C700E56BB3 /* SampleUIKitUITestsLaunchTests.swift in Sources */ = {isa = PBXBuildFile; fileRef = A07A0F222AB4B3C700E56BB3 /* SampleUIKitUITestsLaunchTests.swift */; };
		A07A0F302AB5421300E56BB3 /* MySampleLabel.swift in Sources */ = {isa = PBXBuildFile; fileRef = A07A0F2F2AB5421300E56BB3 /* MySampleLabel.swift */; };
/* End PBXBuildFile section */

/* Begin PBXContainerItemProxy section */
		A07A0F132AB4B3C600E56BB3 /* PBXContainerItemProxy */ = {
			isa = PBXContainerItemProxy;
			containerPortal = A07A0EF42AB4B3C200E56BB3 /* Project object */;
			proxyType = 1;
			remoteGlobalIDString = A07A0EFB2AB4B3C200E56BB3;
			remoteInfo = SampleUIKit;
		};
		A07A0F1D2AB4B3C700E56BB3 /* PBXContainerItemProxy */ = {
			isa = PBXContainerItemProxy;
			containerPortal = A07A0EF42AB4B3C200E56BB3 /* Project object */;
			proxyType = 1;
			remoteGlobalIDString = A07A0EFB2AB4B3C200E56BB3;
			remoteInfo = SampleUIKit;
		};
/* End PBXContainerItemProxy section */

/* Begin PBXFileReference section */
		A07A0EFC2AB4B3C200E56BB3 /* SampleUIKit.app */ = {isa = PBXFileReference; explicitFileType = wrapper.application; includeInIndex = 0; path = SampleUIKit.app; sourceTree = BUILT_PRODUCTS_DIR; };
		A07A0EFF2AB4B3C200E56BB3 /* AppDelegate.swift */ = {isa = PBXFileReference; lastKnownFileType = sourcecode.swift; path = AppDelegate.swift; sourceTree = "<group>"; };
		A07A0F012AB4B3C300E56BB3 /* SceneDelegate.swift */ = {isa = PBXFileReference; lastKnownFileType = sourcecode.swift; path = SceneDelegate.swift; sourceTree = "<group>"; };
		A07A0F032AB4B3C300E56BB3 /* ViewController.swift */ = {isa = PBXFileReference; lastKnownFileType = sourcecode.swift; path = ViewController.swift; sourceTree = "<group>"; };
		A07A0F062AB4B3C300E56BB3 /* Base */ = {isa = PBXFileReference; lastKnownFileType = file.storyboard; name = Base; path = Base.lproj/Main.storyboard; sourceTree = "<group>"; };
		A07A0F082AB4B3C600E56BB3 /* Assets.xcassets */ = {isa = PBXFileReference; lastKnownFileType = folder.assetcatalog; path = Assets.xcassets; sourceTree = "<group>"; };
		A07A0F0B2AB4B3C600E56BB3 /* Base */ = {isa = PBXFileReference; lastKnownFileType = file.storyboard; name = Base; path = Base.lproj/LaunchScreen.storyboard; sourceTree = "<group>"; };
		A07A0F0D2AB4B3C600E56BB3 /* Info.plist */ = {isa = PBXFileReference; lastKnownFileType = text.plist.xml; path = Info.plist; sourceTree = "<group>"; };
		A07A0F122AB4B3C600E56BB3 /* SampleUIKitTests.xctest */ = {isa = PBXFileReference; explicitFileType = wrapper.cfbundle; includeInIndex = 0; path = SampleUIKitTests.xctest; sourceTree = BUILT_PRODUCTS_DIR; };
		A07A0F162AB4B3C700E56BB3 /* SampleUIKitTests.swift */ = {isa = PBXFileReference; lastKnownFileType = sourcecode.swift; path = SampleUIKitTests.swift; sourceTree = "<group>"; };
		A07A0F1C2AB4B3C700E56BB3 /* SampleUIKitUITests.xctest */ = {isa = PBXFileReference; explicitFileType = wrapper.cfbundle; includeInIndex = 0; path = SampleUIKitUITests.xctest; sourceTree = BUILT_PRODUCTS_DIR; };
		A07A0F202AB4B3C700E56BB3 /* SampleUIKitUITests.swift */ = {isa = PBXFileReference; lastKnownFileType = sourcecode.swift; path = SampleUIKitUITests.swift; sourceTree = "<group>"; };
		A07A0F222AB4B3C700E56BB3 /* SampleUIKitUITestsLaunchTests.swift */ = {isa = PBXFileReference; lastKnownFileType = sourcecode.swift; path = SampleUIKitUITestsLaunchTests.swift; sourceTree = "<group>"; };
		A07A0F2F2AB5421300E56BB3 /* MySampleLabel.swift */ = {isa = PBXFileReference; lastKnownFileType = sourcecode.swift; path = MySampleLabel.swift; sourceTree = "<group>"; };
/* End PBXFileReference section */

/* Begin PBXFrameworksBuildPhase section */
		A07A0EF92AB4B3C200E56BB3 /* Frameworks */ = {
			isa = PBXFrameworksBuildPhase;
			buildActionMask = 2147483647;
			files = (
			);
			runOnlyForDeploymentPostprocessing = 0;
		};
		A07A0F0F2AB4B3C600E56BB3 /* Frameworks */ = {
			isa = PBXFrameworksBuildPhase;
			buildActionMask = 2147483647;
			files = (
			);
			runOnlyForDeploymentPostprocessing = 0;
		};
		A07A0F192AB4B3C700E56BB3 /* Frameworks */ = {
			isa = PBXFrameworksBuildPhase;
			buildActionMask = 2147483647;
			files = (
			);
			runOnlyForDeploymentPostprocessing = 0;
		};
/* End PBXFrameworksBuildPhase section */

/* Begin PBXGroup section */
		A07A0EF32AB4B3C200E56BB3 = {
			isa = PBXGroup;
			children = (
				A07A0EFE2AB4B3C200E56BB3 /* SampleUIKit */,
				A07A0F152AB4B3C600E56BB3 /* SampleUIKitTests */,
				A07A0F1F2AB4B3C700E56BB3 /* SampleUIKitUITests */,
				A07A0EFD2AB4B3C200E56BB3 /* Products */,
			);
			sourceTree = "<group>";
		};
		A07A0EFD2AB4B3C200E56BB3 /* Products */ = {
			isa = PBXGroup;
			children = (
				A07A0EFC2AB4B3C200E56BB3 /* SampleUIKit.app */,
				A07A0F122AB4B3C600E56BB3 /* SampleUIKitTests.xctest */,
				A07A0F1C2AB4B3C700E56BB3 /* SampleUIKitUITests.xctest */,
			);
			name = Products;
			sourceTree = "<group>";
		};
		A07A0EFE2AB4B3C200E56BB3 /* SampleUIKit */ = {
			isa = PBXGroup;
			children = (
				A07A0EFF2AB4B3C200E56BB3 /* AppDelegate.swift */,
				A07A0F012AB4B3C300E56BB3 /* SceneDelegate.swift */,
				A07A0F032AB4B3C300E56BB3 /* ViewController.swift */,
				A07A0F052AB4B3C300E56BB3 /* Main.storyboard */,
				A07A0F082AB4B3C600E56BB3 /* Assets.xcassets */,
				A07A0F0A2AB4B3C600E56BB3 /* LaunchScreen.storyboard */,
				A07A0F0D2AB4B3C600E56BB3 /* Info.plist */,
				A07A0F2F2AB5421300E56BB3 /* MySampleLabel.swift */,
			);
			path = SampleUIKit;
			sourceTree = "<group>";
		};
		A07A0F152AB4B3C600E56BB3 /* SampleUIKitTests */ = {
			isa = PBXGroup;
			children = (
				A07A0F162AB4B3C700E56BB3 /* SampleUIKitTests.swift */,
			);
			path = SampleUIKitTests;
			sourceTree = "<group>";
		};
		A07A0F1F2AB4B3C700E56BB3 /* SampleUIKitUITests */ = {
			isa = PBXGroup;
			children = (
				A07A0F202AB4B3C700E56BB3 /* SampleUIKitUITests.swift */,
				A07A0F222AB4B3C700E56BB3 /* SampleUIKitUITestsLaunchTests.swift */,
			);
			path = SampleUIKitUITests;
			sourceTree = "<group>";
		};
/* End PBXGroup section */

/* Begin PBXNativeTarget section */
		A07A0EFB2AB4B3C200E56BB3 /* SampleUIKit */ = {
			isa = PBXNativeTarget;
			buildConfigurationList = A07A0F262AB4B3C700E56BB3 /* Build configuration list for PBXNativeTarget "SampleUIKit" */;
			buildPhases = (
				A07A0EF82AB4B3C200E56BB3 /* Sources */,
				A07A0EF92AB4B3C200E56BB3 /* Frameworks */,
				A07A0EFA2AB4B3C200E56BB3 /* Resources */,
			);
			buildRules = (
			);
			dependencies = (
			);
			name = SampleUIKit;
			productName = SampleUIKit;
			productReference = A07A0EFC2AB4B3C200E56BB3 /* SampleUIKit.app */;
			productType = "com.apple.product-type.application";
		};
		A07A0F112AB4B3C600E56BB3 /* SampleUIKitTests */ = {
			isa = PBXNativeTarget;
			buildConfigurationList = A07A0F292AB4B3C700E56BB3 /* Build configuration list for PBXNativeTarget "SampleUIKitTests" */;
			buildPhases = (
				A07A0F0E2AB4B3C600E56BB3 /* Sources */,
				A07A0F0F2AB4B3C600E56BB3 /* Frameworks */,
				A07A0F102AB4B3C600E56BB3 /* Resources */,
			);
			buildRules = (
			);
			dependencies = (
				A07A0F142AB4B3C600E56BB3 /* PBXTargetDependency */,
			);
			name = SampleUIKitTests;
			productName = SampleUIKitTests;
			productReference = A07A0F122AB4B3C600E56BB3 /* SampleUIKitTests.xctest */;
			productType = "com.apple.product-type.bundle.unit-test";
		};
		A07A0F1B2AB4B3C700E56BB3 /* SampleUIKitUITests */ = {
			isa = PBXNativeTarget;
			buildConfigurationList = A07A0F2C2AB4B3C700E56BB3 /* Build configuration list for PBXNativeTarget "SampleUIKitUITests" */;
			buildPhases = (
				A07A0F182AB4B3C700E56BB3 /* Sources */,
				A07A0F192AB4B3C700E56BB3 /* Frameworks */,
				A07A0F1A2AB4B3C700E56BB3 /* Resources */,
			);
			buildRules = (
			);
			dependencies = (
				A07A0F1E2AB4B3C700E56BB3 /* PBXTargetDependency */,
			);
			name = SampleUIKitUITests;
			productName = SampleUIKitUITests;
			productReference = A07A0F1C2AB4B3C700E56BB3 /* SampleUIKitUITests.xctest */;
			productType = "com.apple.product-type.bundle.ui-testing";
		};
/* End PBXNativeTarget section */

/* Begin PBXProject section */
		A07A0EF42AB4B3C200E56BB3 /* Project object */ = {
			isa = PBXProject;
			attributes = {
				BuildIndependentTargetsInParallel = 1;
				LastSwiftUpdateCheck = 1430;
				LastUpgradeCheck = 1430;
				TargetAttributes = {
					A07A0EFB2AB4B3C200E56BB3 = {
						CreatedOnToolsVersion = 14.3.1;
					};
					A07A0F112AB4B3C600E56BB3 = {
						CreatedOnToolsVersion = 14.3.1;
						TestTargetID = A07A0EFB2AB4B3C200E56BB3;
					};
					A07A0F1B2AB4B3C700E56BB3 = {
						CreatedOnToolsVersion = 14.3.1;
						TestTargetID = A07A0EFB2AB4B3C200E56BB3;
					};
				};
			};
			buildConfigurationList = A07A0EF72AB4B3C200E56BB3 /* Build configuration list for PBXProject "SampleUIKit" */;
			compatibilityVersion = "Xcode 14.0";
			developmentRegion = en;
			hasScannedForEncodings = 0;
			knownRegions = (
				en,
				Base,
			);
			mainGroup = A07A0EF32AB4B3C200E56BB3;
			productRefGroup = A07A0EFD2AB4B3C200E56BB3 /* Products */;
			projectDirPath = "";
			projectRoot = "";
			targets = (
				A07A0EFB2AB4B3C200E56BB3 /* SampleUIKit */,
				A07A0F112AB4B3C600E56BB3 /* SampleUIKitTests */,
				A07A0F1B2AB4B3C700E56BB3 /* SampleUIKitUITests */,
			);
		};
/* End PBXProject section */

/* Begin PBXResourcesBuildPhase section */
		A07A0EFA2AB4B3C200E56BB3 /* Resources */ = {
			isa = PBXResourcesBuildPhase;
			buildActionMask = 2147483647;
			files = (
				A07A0F0C2AB4B3C600E56BB3 /* LaunchScreen.storyboard in Resources */,
				A07A0F092AB4B3C600E56BB3 /* Assets.xcassets in Resources */,
				A07A0F072AB4B3C300E56BB3 /* Main.storyboard in Resources */,
			);
			runOnlyForDeploymentPostprocessing = 0;
		};
		A07A0F102AB4B3C600E56BB3 /* Resources */ = {
			isa = PBXResourcesBuildPhase;
			buildActionMask = 2147483647;
			files = (
			);
			runOnlyForDeploymentPostprocessing = 0;
		};
		A07A0F1A2AB4B3C700E56BB3 /* Resources */ = {
			isa = PBXResourcesBuildPhase;
			buildActionMask = 2147483647;
			files = (
			);
			runOnlyForDeploymentPostprocessing = 0;
		};
/* End PBXResourcesBuildPhase section */

/* Begin PBXSourcesBuildPhase section */
		A07A0EF82AB4B3C200E56BB3 /* Sources */ = {
			isa = PBXSourcesBuildPhase;
			buildActionMask = 2147483647;
			files = (
				A07A0F042AB4B3C300E56BB3 /* ViewController.swift in Sources */,
				A07A0F002AB4B3C200E56BB3 /* AppDelegate.swift in Sources */,
				A07A0F302AB5421300E56BB3 /* MySampleLabel.swift in Sources */,
				A07A0F022AB4B3C300E56BB3 /* SceneDelegate.swift in Sources */,
			);
			runOnlyForDeploymentPostprocessing = 0;
		};
		A07A0F0E2AB4B3C600E56BB3 /* Sources */ = {
			isa = PBXSourcesBuildPhase;
			buildActionMask = 2147483647;
			files = (
				A07A0F172AB4B3C700E56BB3 /* SampleUIKitTests.swift in Sources */,
			);
			runOnlyForDeploymentPostprocessing = 0;
		};
		A07A0F182AB4B3C700E56BB3 /* Sources */ = {
			isa = PBXSourcesBuildPhase;
			buildActionMask = 2147483647;
			files = (
				A07A0F212AB4B3C700E56BB3 /* SampleUIKitUITests.swift in Sources */,
				A07A0F232AB4B3C700E56BB3 /* SampleUIKitUITestsLaunchTests.swift in Sources */,
			);
			runOnlyForDeploymentPostprocessing = 0;
		};
/* End PBXSourcesBuildPhase section */

/* Begin PBXTargetDependency section */
		A07A0F142AB4B3C600E56BB3 /* PBXTargetDependency */ = {
			isa = PBXTargetDependency;
			target = A07A0EFB2AB4B3C200E56BB3 /* SampleUIKit */;
			targetProxy = A07A0F132AB4B3C600E56BB3 /* PBXContainerItemProxy */;
		};
		A07A0F1E2AB4B3C700E56BB3 /* PBXTargetDependency */ = {
			isa = PBXTargetDependency;
			target = A07A0EFB2AB4B3C200E56BB3 /* SampleUIKit */;
			targetProxy = A07A0F1D2AB4B3C700E56BB3 /* PBXContainerItemProxy */;
		};
/* End PBXTargetDependency section */

/* Begin PBXVariantGroup section */
		A07A0F052AB4B3C300E56BB3 /* Main.storyboard */ = {
			isa = PBXVariantGroup;
			children = (
				A07A0F062AB4B3C300E56BB3 /* Base */,
			);
			name = Main.storyboard;
			sourceTree = "<group>";
		};
		A07A0F0A2AB4B3C600E56BB3 /* LaunchScreen.storyboard */ = {
			isa = PBXVariantGroup;
			children = (
				A07A0F0B2AB4B3C600E56BB3 /* Base */,
			);
			name = LaunchScreen.storyboard;
			sourceTree = "<group>";
		};
/* End PBXVariantGroup section */

/* Begin XCBuildConfiguration section */
		A07A0F242AB4B3C700E56BB3 /* Debug */ = {
			isa = XCBuildConfiguration;
			buildSettings = {
				ALWAYS_SEARCH_USER_PATHS = NO;
				CLANG_ANALYZER_NONNULL = YES;
				CLANG_ANALYZER_NUMBER_OBJECT_CONVERSION = YES_AGGRESSIVE;
				CLANG_CXX_LANGUAGE_STANDARD = "gnu++20";
				CLANG_ENABLE_MODULES = YES;
				CLANG_ENABLE_OBJC_ARC = YES;
				CLANG_ENABLE_OBJC_WEAK = YES;
				CLANG_WARN_BLOCK_CAPTURE_AUTORELEASING = YES;
				CLANG_WARN_BOOL_CONVERSION = YES;
				CLANG_WARN_COMMA = YES;
				CLANG_WARN_CONSTANT_CONVERSION = YES;
				CLANG_WARN_DEPRECATED_OBJC_IMPLEMENTATIONS = YES;
				CLANG_WARN_DIRECT_OBJC_ISA_USAGE = YES_ERROR;
				CLANG_WARN_DOCUMENTATION_COMMENTS = YES;
				CLANG_WARN_EMPTY_BODY = YES;
				CLANG_WARN_ENUM_CONVERSION = YES;
				CLANG_WARN_INFINITE_RECURSION = YES;
				CLANG_WARN_INT_CONVERSION = YES;
				CLANG_WARN_NON_LITERAL_NULL_CONVERSION = YES;
				CLANG_WARN_OBJC_IMPLICIT_RETAIN_SELF = YES;
				CLANG_WARN_OBJC_LITERAL_CONVERSION = YES;
				CLANG_WARN_OBJC_ROOT_CLASS = YES_ERROR;
				CLANG_WARN_QUOTED_INCLUDE_IN_FRAMEWORK_HEADER = YES;
				CLANG_WARN_RANGE_LOOP_ANALYSIS = YES;
				CLANG_WARN_STRICT_PROTOTYPES = YES;
				CLANG_WARN_SUSPICIOUS_MOVE = YES;
				CLANG_WARN_UNGUARDED_AVAILABILITY = YES_AGGRESSIVE;
				CLANG_WARN_UNREACHABLE_CODE = YES;
				CLANG_WARN__DUPLICATE_METHOD_MATCH = YES;
				COPY_PHASE_STRIP = NO;
				DEBUG_INFORMATION_FORMAT = dwarf;
				ENABLE_STRICT_OBJC_MSGSEND = YES;
				ENABLE_TESTABILITY = YES;
				GCC_C_LANGUAGE_STANDARD = gnu11;
				GCC_DYNAMIC_NO_PIC = NO;
				GCC_NO_COMMON_BLOCKS = YES;
				GCC_OPTIMIZATION_LEVEL = 0;
				GCC_PREPROCESSOR_DEFINITIONS = (
					"DEBUG=1",
					"$(inherited)",
				);
				GCC_WARN_64_TO_32_BIT_CONVERSION = YES;
				GCC_WARN_ABOUT_RETURN_TYPE = YES_ERROR;
				GCC_WARN_UNDECLARED_SELECTOR = YES;
				GCC_WARN_UNINITIALIZED_AUTOS = YES_AGGRESSIVE;
				GCC_WARN_UNUSED_FUNCTION = YES;
				GCC_WARN_UNUSED_VARIABLE = YES;
				IPHONEOS_DEPLOYMENT_TARGET = 16.4;
				MTL_ENABLE_DEBUG_INFO = INCLUDE_SOURCE;
				MTL_FAST_MATH = YES;
				ONLY_ACTIVE_ARCH = YES;
				SDKROOT = iphoneos;
				SWIFT_ACTIVE_COMPILATION_CONDITIONS = DEBUG;
				SWIFT_OPTIMIZATION_LEVEL = "-Onone";
			};
			name = Debug;
		};
		A07A0F252AB4B3C700E56BB3 /* Release */ = {
			isa = XCBuildConfiguration;
			buildSettings = {
				ALWAYS_SEARCH_USER_PATHS = NO;
				CLANG_ANALYZER_NONNULL = YES;
				CLANG_ANALYZER_NUMBER_OBJECT_CONVERSION = YES_AGGRESSIVE;
				CLANG_CXX_LANGUAGE_STANDARD = "gnu++20";
				CLANG_ENABLE_MODULES = YES;
				CLANG_ENABLE_OBJC_ARC = YES;
				CLANG_ENABLE_OBJC_WEAK = YES;
				CLANG_WARN_BLOCK_CAPTURE_AUTORELEASING = YES;
				CLANG_WARN_BOOL_CONVERSION = YES;
				CLANG_WARN_COMMA = YES;
				CLANG_WARN_CONSTANT_CONVERSION = YES;
				CLANG_WARN_DEPRECATED_OBJC_IMPLEMENTATIONS = YES;
				CLANG_WARN_DIRECT_OBJC_ISA_USAGE = YES_ERROR;
				CLANG_WARN_DOCUMENTATION_COMMENTS = YES;
				CLANG_WARN_EMPTY_BODY = YES;
				CLANG_WARN_ENUM_CONVERSION = YES;
				CLANG_WARN_INFINITE_RECURSION = YES;
				CLANG_WARN_INT_CONVERSION = YES;
				CLANG_WARN_NON_LITERAL_NULL_CONVERSION = YES;
				CLANG_WARN_OBJC_IMPLICIT_RETAIN_SELF = YES;
				CLANG_WARN_OBJC_LITERAL_CONVERSION = YES;
				CLANG_WARN_OBJC_ROOT_CLASS = YES_ERROR;
				CLANG_WARN_QUOTED_INCLUDE_IN_FRAMEWORK_HEADER = YES;
				CLANG_WARN_RANGE_LOOP_ANALYSIS = YES;
				CLANG_WARN_STRICT_PROTOTYPES = YES;
				CLANG_WARN_SUSPICIOUS_MOVE = YES;
				CLANG_WARN_UNGUARDED_AVAILABILITY = YES_AGGRESSIVE;
				CLANG_WARN_UNREACHABLE_CODE = YES;
				CLANG_WARN__DUPLICATE_METHOD_MATCH = YES;
				COPY_PHASE_STRIP = NO;
				DEBUG_INFORMATION_FORMAT = "dwarf-with-dsym";
				ENABLE_NS_ASSERTIONS = NO;
				ENABLE_STRICT_OBJC_MSGSEND = YES;
				GCC_C_LANGUAGE_STANDARD = gnu11;
				GCC_NO_COMMON_BLOCKS = YES;
				GCC_WARN_64_TO_32_BIT_CONVERSION = YES;
				GCC_WARN_ABOUT_RETURN_TYPE = YES_ERROR;
				GCC_WARN_UNDECLARED_SELECTOR = YES;
				GCC_WARN_UNINITIALIZED_AUTOS = YES_AGGRESSIVE;
				GCC_WARN_UNUSED_FUNCTION = YES;
				GCC_WARN_UNUSED_VARIABLE = YES;
				IPHONEOS_DEPLOYMENT_TARGET = 16.4;
				MTL_ENABLE_DEBUG_INFO = NO;
				MTL_FAST_MATH = YES;
				SDKROOT = iphoneos;
				SWIFT_COMPILATION_MODE = wholemodule;
				SWIFT_OPTIMIZATION_LEVEL = "-O";
				VALIDATE_PRODUCT = YES;
			};
			name = Release;
		};
		A07A0F272AB4B3C700E56BB3 /* Debug */ = {
			isa = XCBuildConfiguration;
			buildSettings = {
				ASSETCATALOG_COMPILER_APPICON_NAME = AppIcon;
				ASSETCATALOG_COMPILER_GLOBAL_ACCENT_COLOR_NAME = AccentColor;
				CODE_SIGN_STYLE = Automatic;
				CURRENT_PROJECT_VERSION = 1;
				DEVELOPMENT_TEAM = R442X5K7RC;
				GENERATE_INFOPLIST_FILE = YES;
				INFOPLIST_FILE = SampleUIKit/Info.plist;
				INFOPLIST_KEY_UIApplicationSupportsIndirectInputEvents = YES;
				INFOPLIST_KEY_UILaunchStoryboardName = LaunchScreen;
				INFOPLIST_KEY_UIMainStoryboardFile = Main;
				INFOPLIST_KEY_UISupportedInterfaceOrientations_iPad = "UIInterfaceOrientationPortrait UIInterfaceOrientationPortraitUpsideDown UIInterfaceOrientationLandscapeLeft UIInterfaceOrientationLandscapeRight";
				INFOPLIST_KEY_UISupportedInterfaceOrientations_iPhone = "UIInterfaceOrientationPortrait UIInterfaceOrientationLandscapeLeft UIInterfaceOrientationLandscapeRight";
				LD_RUNPATH_SEARCH_PATHS = (
					"$(inherited)",
					"@executable_path/Frameworks",
				);
				MARKETING_VERSION = 1.0;
				PRODUCT_BUNDLE_IDENTIFIER = org.test.SampleUIKit;
				PRODUCT_NAME = "$(TARGET_NAME)";
				SWIFT_EMIT_LOC_STRINGS = YES;
				SWIFT_VERSION = 5.0;
				TARGETED_DEVICE_FAMILY = "1,2";
			};
			name = Debug;
		};
		A07A0F282AB4B3C700E56BB3 /* Release */ = {
			isa = XCBuildConfiguration;
			buildSettings = {
				ASSETCATALOG_COMPILER_APPICON_NAME = AppIcon;
				ASSETCATALOG_COMPILER_GLOBAL_ACCENT_COLOR_NAME = AccentColor;
				CODE_SIGN_STYLE = Automatic;
				CURRENT_PROJECT_VERSION = 1;
				DEVELOPMENT_TEAM = R442X5K7RC;
				GENERATE_INFOPLIST_FILE = YES;
				INFOPLIST_FILE = SampleUIKit/Info.plist;
				INFOPLIST_KEY_UIApplicationSupportsIndirectInputEvents = YES;
				INFOPLIST_KEY_UILaunchStoryboardName = LaunchScreen;
				INFOPLIST_KEY_UIMainStoryboardFile = Main;
				INFOPLIST_KEY_UISupportedInterfaceOrientations_iPad = "UIInterfaceOrientationPortrait UIInterfaceOrientationPortraitUpsideDown UIInterfaceOrientationLandscapeLeft UIInterfaceOrientationLandscapeRight";
				INFOPLIST_KEY_UISupportedInterfaceOrientations_iPhone = "UIInterfaceOrientationPortrait UIInterfaceOrientationLandscapeLeft UIInterfaceOrientationLandscapeRight";
				LD_RUNPATH_SEARCH_PATHS = (
					"$(inherited)",
					"@executable_path/Frameworks",
				);
				MARKETING_VERSION = 1.0;
				PRODUCT_BUNDLE_IDENTIFIER = org.test.SampleUIKit;
				PRODUCT_NAME = "$(TARGET_NAME)";
				SWIFT_EMIT_LOC_STRINGS = YES;
				SWIFT_VERSION = 5.0;
				TARGETED_DEVICE_FAMILY = "1,2";
			};
			name = Release;
		};
		A07A0F2A2AB4B3C700E56BB3 /* Debug */ = {
			isa = XCBuildConfiguration;
			buildSettings = {
				ALWAYS_EMBED_SWIFT_STANDARD_LIBRARIES = YES;
				BUNDLE_LOADER = "$(TEST_HOST)";
				CODE_SIGN_STYLE = Automatic;
				CURRENT_PROJECT_VERSION = 1;
				DEVELOPMENT_TEAM = R442X5K7RC;
				GENERATE_INFOPLIST_FILE = YES;
				IPHONEOS_DEPLOYMENT_TARGET = 16.4;
				MARKETING_VERSION = 1.0;
				PRODUCT_BUNDLE_IDENTIFIER = org.test.SampleUIKitTests;
				PRODUCT_NAME = "$(TARGET_NAME)";
				SWIFT_EMIT_LOC_STRINGS = NO;
				SWIFT_VERSION = 5.0;
				TARGETED_DEVICE_FAMILY = "1,2";
				TEST_HOST = "$(BUILT_PRODUCTS_DIR)/SampleUIKit.app/$(BUNDLE_EXECUTABLE_FOLDER_PATH)/SampleUIKit";
			};
			name = Debug;
		};
		A07A0F2B2AB4B3C700E56BB3 /* Release */ = {
			isa = XCBuildConfiguration;
			buildSettings = {
				ALWAYS_EMBED_SWIFT_STANDARD_LIBRARIES = YES;
				BUNDLE_LOADER = "$(TEST_HOST)";
				CODE_SIGN_STYLE = Automatic;
				CURRENT_PROJECT_VERSION = 1;
				DEVELOPMENT_TEAM = R442X5K7RC;
				GENERATE_INFOPLIST_FILE = YES;
				IPHONEOS_DEPLOYMENT_TARGET = 16.4;
				MARKETING_VERSION = 1.0;
				PRODUCT_BUNDLE_IDENTIFIER = org.test.SampleUIKitTests;
				PRODUCT_NAME = "$(TARGET_NAME)";
				SWIFT_EMIT_LOC_STRINGS = NO;
				SWIFT_VERSION = 5.0;
				TARGETED_DEVICE_FAMILY = "1,2";
				TEST_HOST = "$(BUILT_PRODUCTS_DIR)/SampleUIKit.app/$(BUNDLE_EXECUTABLE_FOLDER_PATH)/SampleUIKit";
			};
			name = Release;
		};
		A07A0F2D2AB4B3C700E56BB3 /* Debug */ = {
			isa = XCBuildConfiguration;
			buildSettings = {
				ALWAYS_EMBED_SWIFT_STANDARD_LIBRARIES = YES;
				CODE_SIGN_STYLE = Automatic;
				CURRENT_PROJECT_VERSION = 1;
				DEVELOPMENT_TEAM = R442X5K7RC;
				GENERATE_INFOPLIST_FILE = YES;
				MARKETING_VERSION = 1.0;
				PRODUCT_BUNDLE_IDENTIFIER = org.test.SampleUIKitUITests;
				PRODUCT_NAME = "$(TARGET_NAME)";
				SWIFT_EMIT_LOC_STRINGS = NO;
				SWIFT_VERSION = 5.0;
				TARGETED_DEVICE_FAMILY = "1,2";
				TEST_TARGET_NAME = SampleUIKit;
			};
			name = Debug;
		};
		A07A0F2E2AB4B3C700E56BB3 /* Release */ = {
			isa = XCBuildConfiguration;
			buildSettings = {
				ALWAYS_EMBED_SWIFT_STANDARD_LIBRARIES = YES;
				CODE_SIGN_STYLE = Automatic;
				CURRENT_PROJECT_VERSION = 1;
				DEVELOPMENT_TEAM = R442X5K7RC;
				GENERATE_INFOPLIST_FILE = YES;
				MARKETING_VERSION = 1.0;
				PRODUCT_BUNDLE_IDENTIFIER = org.test.SampleUIKitUITests;
				PRODUCT_NAME = "$(TARGET_NAME)";
				SWIFT_EMIT_LOC_STRINGS = NO;
				SWIFT_VERSION = 5.0;
				TARGETED_DEVICE_FAMILY = "1,2";
				TEST_TARGET_NAME = SampleUIKit;
			};
			name = Release;
		};
/* End XCBuildConfiguration section */

/* Begin XCConfigurationList section */
		A07A0EF72AB4B3C200E56BB3 /* Build configuration list for PBXProject "SampleUIKit" */ = {
			isa = XCConfigurationList;
			buildConfigurations = (
				A07A0F242AB4B3C700E56BB3 /* Debug */,
				A07A0F252AB4B3C700E56BB3 /* Release */,
			);
			defaultConfigurationIsVisible = 0;
			defaultConfigurationName = Release;
		};
		A07A0F262AB4B3C700E56BB3 /* Build configuration list for PBXNativeTarget "SampleUIKit" */ = {
			isa = XCConfigurationList;
			buildConfigurations = (
				A07A0F272AB4B3C700E56BB3 /* Debug */,
				A07A0F282AB4B3C700E56BB3 /* Release */,
			);
			defaultConfigurationIsVisible = 0;
			defaultConfigurationName = Release;
		};
		A07A0F292AB4B3C700E56BB3 /* Build configuration list for PBXNativeTarget "SampleUIKitTests" */ = {
			isa = XCConfigurationList;
			buildConfigurations = (
				A07A0F2A2AB4B3C700E56BB3 /* Debug */,
				A07A0F2B2AB4B3C700E56BB3 /* Release */,
			);
			defaultConfigurationIsVisible = 0;
			defaultConfigurationName = Release;
		};
		A07A0F2C2AB4B3C700E56BB3 /* Build configuration list for PBXNativeTarget "SampleUIKitUITests" */ = {
			isa = XCConfigurationList;
			buildConfigurations = (
				A07A0F2D2AB4B3C700E56BB3 /* Debug */,
				A07A0F2E2AB4B3C700E56BB3 /* Release */,
			);
			defaultConfigurationIsVisible = 0;
			defaultConfigurationName = Release;
		};
/* End XCConfigurationList section */
	};
	rootObject = A07A0EF42AB4B3C200E56BB3 /* Project object */;
}
